
Microsoft Visual Studio Solution File, Format Version 12.00
# Visual Studio Version 16
VisualStudioVersion = 16.0.30611.23
MinimumVisualStudioVersion = 10.0.40219.1
Project("{8BC9CEB8-8B4A-11D0-8D11-00A0C91BC942}") = "BST single pointer", "BST single pointer.vcxproj", "{73C44FF3-54EC-4C38-90EE-BD3BBD2E88AB}"
EndProject
Global
	GlobalSection(SolutionConfigurationPlatforms) = preSolution
		Debug|x64 = Debug|x64
		Debug|x86 = Debug|x86
		Release|x64 = Release|x64
		Release|x86 = Release|x86
	EndGlobalSection
	GlobalSection(ProjectConfigurationPlatforms) = postSolution
		{73C44FF3-54EC-4C38-90EE-BD3BBD2E88AB}.Debug|x64.ActiveCfg = Debug|x64
		{73C44FF3-54EC-4C38-90EE-BD3BBD2E88AB}.Debug|x64.Build.0 = Debug|x64
		{73C44FF3-54EC-4C38-90EE-BD3BBD2E88AB}.Debug|x86.ActiveCfg = Debug|Win32
		{73C44FF3-54EC-4C38-90EE-BD3BBD2E88AB}.Debug|x86.Build.0 = Debug|Win32
		{73C44FF3-54EC-4C38-90EE-BD3BBD2E88AB}.Release|x64.ActiveCfg = Release|x64
		{73C44FF3-54EC-4C38-90EE-BD3BBD2E88AB}.Release|x64.Build.0 = Release|x64
		{73C44FF3-54EC-4C38-90EE-BD3BBD2E88AB}.Release|x86.ActiveCfg = Release|Win32
		{73C44FF3-54EC-4C38-90EE-BD3BBD2E88AB}.Release|x86.Build.0 = Release|Win32
	EndGlobalSection
	GlobalSection(SolutionProperties) = preSolution
		HideSolutionNode = FALSE
	EndGlobalSection
	GlobalSection(ExtensibilityGlobals) = postSolution
		SolutionGuid = {D35FE874-0777-4DDC-8405-C1F73A70172D}
	EndGlobalSection
EndGlobal
